{
  "name": "visual",
  "requires": true,
  "lockfileVersion": 1,
  "dependencies": {
    "@types/d3": {
      "version": "3.5.36",
      "resolved": "https://registry.npmjs.org/@types/d3/-/d3-3.5.36.tgz",
      "integrity": "sha1-CUOrmCU0IfsHua38bcfd02xReLI=",
      "dev": true
    },
    "d3": {
      "version": "3.5.5",
      "resolved": "https://registry.npmjs.org/d3/-/d3-3.5.5.tgz",
      "integrity": "sha1-vhq6aoT7ZlMoOz6+u39XDjvaGH4=",
      "dev": true
    },
    "powerbi-visuals-utils-dataviewutils": {
      "version": "1.2.0",
      "resolved": "https://registry.npmjs.org/powerbi-visuals-utils-dataviewutils/-/powerbi-visuals-utils-dataviewutils-1.2.0.tgz",
      "integrity": "sha1-WaHJgzVclYoj2ZAYlPZfFXUZMhM=",
      "dev": true
    },
    "tslib": {
      "version": "1.9.2",
      "resolved": "https://registry.npmjs.org/tslib/-/tslib-1.9.2.tgz",
      "integrity": "sha512-AVP5Xol3WivEr7hnssHDsaM+lVrVXWUvd1cfXTRkTj80b//6g2wIFEH6hZG0muGZRnHGrfttpdzRk3YlBkWjKw==",
      "dev": true
    },
    "tslint-microsoft-contrib": {
      "version": "5.0.3",
      "resolved": "https://registry.npmjs.org/tslint-microsoft-contrib/-/tslint-microsoft-contrib-5.0.3.tgz",
      "integrity": "sha512-5AnfTGlfpUzpRHLmoojPBKFTTmbjnwgdaTHMdllausa4GBPya5u36i9ddrTX4PhetGZvd4JUYIpAmgHqVnsctg==",
      "dev": true,
      "requires": {
        "tsutils": "2.27.1"
      }
    },
    "tsutils": {
      "version": "2.27.1",
      "resolved": "https://registry.npmjs.org/tsutils/-/tsutils-2.27.1.tgz",
      "integrity": "sha512-AE/7uzp32MmaHvNNFES85hhUDHFdFZp6OAiZcd6y4ZKKIg6orJTm8keYWBhIhrJQH3a4LzNKat7ZPXZt5aTf6w==",
      "dev": true,
      "requires": {
        "tslib": "1.9.2"
      }
    }
  }
}
